
Microsoft Visual Studio Solution File, Format Version 12.00
# Visual Studio Version 16
VisualStudioVersion = 16.0.30225.117
MinimumVisualStudioVersion = 10.0.40219.1
Project("{F184B08F-C81C-45F6-A57F-5ABD9991F28F}") = "Programacion1-2-2021", "Programacion1-2-2021\Programacion1-2-2021.vbproj", "{EFB6AED4-7CE2-4A64-A3B9-051494F02D46}"
EndProject
Global
	GlobalSection(SolutionConfigurationPlatforms) = preSolution
		Debug|Any CPU = Debug|Any CPU
		Release|Any CPU = Release|Any CPU
	EndGlobalSection
	GlobalSection(ProjectConfigurationPlatforms) = postSolution
		{EFB6AED4-7CE2-4A64-A3B9-051494F02D46}.Debug|Any CPU.ActiveCfg = Debug|Any CPU
		{EFB6AED4-7CE2-4A64-A3B9-051494F02D46}.Debug|Any CPU.Build.0 = Debug|Any CPU
		{EFB6AED4-7CE2-4A64-A3B9-051494F02D46}.Release|Any CPU.ActiveCfg = Release|Any CPU
		{EFB6AED4-7CE2-4A64-A3B9-051494F02D46}.Release|Any CPU.Build.0 = Release|Any CPU
	EndGlobalSection
	GlobalSection(SolutionProperties) = preSolution
		HideSolutionNode = FALSE
	EndGlobalSection
	GlobalSection(ExtensibilityGlobals) = postSolution
		SolutionGuid = {22E4A3A4-C7C9-4780-B5F7-1288A25E88AE}
	EndGlobalSection
EndGlobal
